{
  "name": "ast-grep-undefined-symbol-le16toh",
  "lockfileVersion": 3,
  "requires": true,
  "packages": {
    "": {
      "dependencies": {
        "@ast-grep/napi": "^0.39.9"
      }
    },
    "node_modules/@ast-grep/napi": {
      "version": "0.39.9",
      "resolved": "https://registry.npmjs.org/@ast-grep/napi/-/napi-0.39.9.tgz",
      "integrity": "sha512-qtLLQq1a3isK0iaq0Drl7Qt4PqeyjTrpFxNdA/20O/jYkGiA/oJA8DLMn1bzczsfjlUohe4dg39bpeAqG02uvA==",
      "license": "MIT",
      "engines": {
        "node": ">= 10"
      },
      "optionalDependencies": {
        "@ast-grep/napi-darwin-arm64": "0.39.9",
        "@ast-grep/napi-darwin-x64": "0.39.9",
        "@ast-grep/napi-linux-arm64-gnu": "0.39.9",
        "@ast-grep/napi-linux-arm64-musl": "0.39.9",
        "@ast-grep/napi-linux-x64-gnu": "0.39.9",
        "@ast-grep/napi-linux-x64-musl": "0.39.9",
        "@ast-grep/napi-win32-arm64-msvc": "0.39.9",
        "@ast-grep/napi-win32-ia32-msvc": "0.39.9",
        "@ast-grep/napi-win32-x64-msvc": "0.39.9"
      }
    },
    "node_modules/@ast-grep/napi-darwin-arm64": {
      "version": "0.39.9",
      "resolved": "https://registry.npmjs.org/@ast-grep/napi-darwin-arm64/-/napi-darwin-arm64-0.39.9.tgz",
      "integrity": "sha512-0gdBC2oPBkIBsh89yUXxJeK37QYRbp1qNZVuRGizT666ljgCw+2NIxHeQGNjwWuI0+g3exrd8FyqD3gMixRx3w==",
      "cpu": [
        "arm64"
      ],
      "license": "MIT",
      "optional": true,
      "os": [
        "darwin"
      ],
      "engines": {
        "node": ">= 10"
      }
    },
    "node_modules/@ast-grep/napi-darwin-x64": {
      "version": "0.39.9",
      "resolved": "https://registry.npmjs.org/@ast-grep/napi-darwin-x64/-/napi-darwin-x64-0.39.9.tgz",
      "integrity": "sha512-7QuQNFwcVj71hDAMBErF+mVq2h92vUdHLKa/vq58HdRpix5G3DZqcTKoFjwhCNzc2wsNRAjV+BiIR01znQSxLA==",
      "cpu": [
        "x64"
      ],
      "license": "MIT",
      "optional": true,
      "os": [
        "darwin"
      ],
      "engines": {
        "node": ">= 10"
      }
    },
    "node_modules/@ast-grep/napi-linux-arm64-gnu": {
      "version": "0.39.9",
      "resolved": "https://registry.npmjs.org/@ast-grep/napi-linux-arm64-gnu/-/napi-linux-arm64-gnu-0.39.9.tgz",
      "integrity": "sha512-qXTjhagRYkPyHNACEzGi5q26OMRdSvLRRqi799oZaSDf96Xj+8tcB5+tFlH0NpqaP84GsZoQ15SfDXeoP4qdmQ==",
      "cpu": [
        "arm64"
      ],
      "license": "MIT",
      "optional": true,
      "os": [
        "linux"
      ],
      "engines": {
        "node": ">= 10"
      }
    },
    "node_modules/@ast-grep/napi-linux-arm64-musl": {
      "version": "0.39.9",
      "resolved": "https://registry.npmjs.org/@ast-grep/napi-linux-arm64-musl/-/napi-linux-arm64-musl-0.39.9.tgz",
      "integrity": "sha512-U9KVohyburVGEWiiREFq+iTxdMdSbRyXL+yzCVvGPmLPW4Ca4zpX9Cret4jCJBp8dljSIK0C7txXAc7fM+6rag==",
      "cpu": [
        "arm64"
      ],
      "license": "MIT",
      "optional": true,
      "os": [
        "linux"
      ],
      "engines": {
        "node": ">= 10"
      }
    },
    "node_modules/@ast-grep/napi-linux-x64-gnu": {
      "version": "0.39.9",
      "resolved": "https://registry.npmjs.org/@ast-grep/napi-linux-x64-gnu/-/napi-linux-x64-gnu-0.39.9.tgz",
      "integrity": "sha512-C5WwiNr/eE7lS0vl9bNdSXrsGIUAga2SaqV3G+ogVl9HeRU2jtGhv+3AgzGvYWj+PtnbtuZ2Nxkm10gEVPhv1A==",
      "cpu": [
        "x64"
      ],
      "license": "MIT",
      "optional": true,
      "os": [
        "linux"
      ],
      "engines": {
        "node": ">= 10"
      }
    },
    "node_modules/@ast-grep/napi-linux-x64-musl": {
      "version": "0.39.9",
      "resolved": "https://registry.npmjs.org/@ast-grep/napi-linux-x64-musl/-/napi-linux-x64-musl-0.39.9.tgz",
      "integrity": "sha512-KutzZSMhHP3P43nQ+kNSbuiDaqkCcdqOcXLnq28MRvS+qwvW+01dJ8eWRlpMJC9vCJmaJAZfI7xkNSp74WkdxA==",
      "cpu": [
        "x64"
      ],
      "license": "MIT",
      "optional": true,
      "os": [
        "linux"
      ],
      "engines": {
        "node": ">= 10"
      }
    },
    "node_modules/@ast-grep/napi-win32-arm64-msvc": {
      "version": "0.39.9",
      "resolved": "https://registry.npmjs.org/@ast-grep/napi-win32-arm64-msvc/-/napi-win32-arm64-msvc-0.39.9.tgz",
      "integrity": "sha512-S2kC6K9I7e70oMVn2FDICzVlz7SPZVWNCRKCBD+Dgy1OTn0byzmMLaGpjth3pqN93UCssEC03ooP3tuclS0JSA==",
      "cpu": [
        "arm64"
      ],
      "license": "MIT",
      "optional": true,
      "os": [
        "win32"
      ],
      "engines": {
        "node": ">= 10"
      }
    },
    "node_modules/@ast-grep/napi-win32-ia32-msvc": {
      "version": "0.39.9",
      "resolved": "https://registry.npmjs.org/@ast-grep/napi-win32-ia32-msvc/-/napi-win32-ia32-msvc-0.39.9.tgz",
      "integrity": "sha512-n18Dqtc7O5q8ZM9gBNkvLd+ajdjLNraw4ZoIcHelI7TnTvh1m6zR3tUuHNxPhL+IJfdKx3ne7ATKlEeiSlMn4g==",
      "cpu": [
        "ia32"
      ],
      "license": "MIT",
      "optional": true,
      "os": [
        "win32"
      ],
      "engines": {
        "node": ">= 10"
      }
    },
    "node_modules/@ast-grep/napi-win32-x64-msvc": {
      "version": "0.39.9",
      "resolved": "https://registry.npmjs.org/@ast-grep/napi-win32-x64-msvc/-/napi-win32-x64-msvc-0.39.9.tgz",
      "integrity": "sha512-YOF7mO+6nvyRtMC179u82Vr1qIGOmoE1yjwr4cmAf7DVNd+vs42y9tbQGYwLmVY8M3Hg1PviB8XX7FQKewuOGQ==",
      "cpu": [
        "x64"
      ],
      "license": "MIT",
      "optional": true,
      "os": [
        "win32"
      ],
      "engines": {
        "node": ">= 10"
      }
    }
  }
}
